
Microsoft Visual Studio Solution File, Format Version 12.00
# Visual Studio Version 17
VisualStudioVersion = 17.5.33516.290
MinimumVisualStudioVersion = 10.0.40219.1
Project("{FAE04EC0-301F-11D3-BF4B-00C04F79EFBC}") = "ConsoleDrawing_AboveWindow", "ConsoleDrawing_AboveWindow\ConsoleDrawing_AboveWindow.csproj", "{691BD49D-8C85-475D-81BF-CBD9B566272A}"
EndProject
Global
	GlobalSection(SolutionConfigurationPlatforms) = preSolution
		Debug|Any CPU = Debug|Any CPU
		Release|Any CPU = Release|Any CPU
	EndGlobalSection
	GlobalSection(ProjectConfigurationPlatforms) = postSolution
		{691BD49D-8C85-475D-81BF-CBD9B566272A}.Debug|Any CPU.ActiveCfg = Debug|Any CPU
		{691BD49D-8C85-475D-81BF-CBD9B566272A}.Debug|Any CPU.Build.0 = Debug|Any CPU
		{691BD49D-8C85-475D-81BF-CBD9B566272A}.Release|Any CPU.ActiveCfg = Release|Any CPU
		{691BD49D-8C85-475D-81BF-CBD9B566272A}.Release|Any CPU.Build.0 = Release|Any CPU
	EndGlobalSection
	GlobalSection(SolutionProperties) = preSolution
		HideSolutionNode = FALSE
	EndGlobalSection
	GlobalSection(ExtensibilityGlobals) = postSolution
		SolutionGuid = {902AF469-2CDD-470B-9023-6DA1D0E82527}
	EndGlobalSection
EndGlobal
